
Microsoft Visual Studio Solution File, Format Version 12.00
# Visual Studio 15
VisualStudioVersion = 15.0.27130.2024
MinimumVisualStudioVersion = 10.0.40219.1
Project("{2150E333-8FDC-42A3-9474-1A3956D46DE8}") = "Tests", "Tests", "{94E5F457-3256-49EF-A74F-E434AE314E7A}"
EndProject
Project("{2150E333-8FDC-42A3-9474-1A3956D46DE8}") = "Solution Items", "Solution Items", "{AE13D178-683C-4136-A0CA-4823906B5BFE}"
	ProjectSection(SolutionItems) = preProject
		build.bat = build.bat
		default.build = default.build
		publish.bat = publish.bat
	EndProjectSection
EndProject
Project("{FAE04EC0-301F-11D3-BF4B-00C04F79EFBC}") = "ControlTest", "sources\ControlTest\ControlTest.csproj", "{4C5C3472-9124-4781-A8E4-50B16AFADCD3}"
EndProject
Project("{FAE04EC0-301F-11D3-BF4B-00C04F79EFBC}") = "ToolsTest", "sources\ToolsTest\ToolsTest.csproj", "{7E30DBBF-F9C2-408A-9098-23185570E810}"
EndProject
Project("{FAE04EC0-301F-11D3-BF4B-00C04F79EFBC}") = "Savchin.Tools", "sources\Tools\Savchin.Tools.csproj", "{2F1807E4-39A2-4F38-ADFC-6310A8443D90}"
EndProject
Project("{F184B08F-C81C-45F6-A57F-5ABD9991F28F}") = "FileBrowser", "sources\Controls\FileBrowser\FileBrowser.vbproj", "{4BC2B3AC-7081-4B95-8FA9-E3EE75A60DF0}"
EndProject
Project("{FAE04EC0-301F-11D3-BF4B-00C04F79EFBC}") = "Savchin.WinApi", "sources\Savchin.WinApi\Savchin.WinApi.csproj", "{DD712413-B47A-4707-A45D-84F786E47BAF}"
EndProject
Project("{FAE04EC0-301F-11D3-BF4B-00C04F79EFBC}") = "Savchin.Data", "sources\Data\Savchin.Data.csproj", "{25AB3B90-41A8-4BD4-88B6-4607D1633D4C}"
EndProject
Project("{FAE04EC0-301F-11D3-BF4B-00C04F79EFBC}") = "DataTest", "sources\DataTest\DataTest.csproj", "{C3D071F1-8A55-4B7B-9D93-9D9AD419A9C8}"
EndProject
Project("{FAE04EC0-301F-11D3-BF4B-00C04F79EFBC}") = "Savchin.Services", "sources\CI.Services\Savchin.Services.csproj", "{A2DE3FD9-FFD3-4343-B0E6-78AEBB1BBB64}"
EndProject
Global
	GlobalSection(SolutionConfigurationPlatforms) = preSolution
		Client Debug|.NET = Client Debug|.NET
		Client Debug|Any CPU = Client Debug|Any CPU
		Client Debug|Mixed Platforms = Client Debug|Mixed Platforms
		Client Release|.NET = Client Release|.NET
		Client Release|Any CPU = Client Release|Any CPU
		Client Release|Mixed Platforms = Client Release|Mixed Platforms
		Debug|.NET = Debug|.NET
		Debug|Any CPU = Debug|Any CPU
		Debug|Mixed Platforms = Debug|Mixed Platforms
		Release|.NET = Release|.NET
		Release|Any CPU = Release|Any CPU
		Release|Mixed Platforms = Release|Mixed Platforms
	EndGlobalSection
	GlobalSection(ProjectConfigurationPlatforms) = postSolution
		{4C5C3472-9124-4781-A8E4-50B16AFADCD3}.Client Debug|.NET.ActiveCfg = Debug|Any CPU
		{4C5C3472-9124-4781-A8E4-50B16AFADCD3}.Client Debug|Any CPU.ActiveCfg = Debug|Any CPU
		{4C5C3472-9124-4781-A8E4-50B16AFADCD3}.Client Debug|Any CPU.Build.0 = Debug|Any CPU
		{4C5C3472-9124-4781-A8E4-50B16AFADCD3}.Client Debug|Mixed Platforms.ActiveCfg = Debug|Any CPU
		{4C5C3472-9124-4781-A8E4-50B16AFADCD3}.Client Debug|Mixed Platforms.Build.0 = Debug|Any CPU
		{4C5C3472-9124-4781-A8E4-50B16AFADCD3}.Client Release|.NET.ActiveCfg = Release|Any CPU
		{4C5C3472-9124-4781-A8E4-50B16AFADCD3}.Client Release|Any CPU.ActiveCfg = Release|Any CPU
		{4C5C3472-9124-4781-A8E4-50B16AFADCD3}.Client Release|Any CPU.Build.0 = Release|Any CPU
		{4C5C3472-9124-4781-A8E4-50B16AFADCD3}.Client Release|Mixed Platforms.ActiveCfg = Release|Any CPU
		{4C5C3472-9124-4781-A8E4-50B16AFADCD3}.Client Release|Mixed Platforms.Build.0 = Release|Any CPU
		{4C5C3472-9124-4781-A8E4-50B16AFADCD3}.Debug|.NET.ActiveCfg = Debug|Any CPU
		{4C5C3472-9124-4781-A8E4-50B16AFADCD3}.Debug|Any CPU.ActiveCfg = Debug|Any CPU
		{4C5C3472-9124-4781-A8E4-50B16AFADCD3}.Debug|Any CPU.Build.0 = Debug|Any CPU
		{4C5C3472-9124-4781-A8E4-50B16AFADCD3}.Debug|Mixed Platforms.ActiveCfg = Debug|Any CPU
		{4C5C3472-9124-4781-A8E4-50B16AFADCD3}.Debug|Mixed Platforms.Build.0 = Debug|Any CPU
		{4C5C3472-9124-4781-A8E4-50B16AFADCD3}.Release|.NET.ActiveCfg = Release|Any CPU
		{4C5C3472-9124-4781-A8E4-50B16AFADCD3}.Release|Any CPU.ActiveCfg = Release|Any CPU
		{4C5C3472-9124-4781-A8E4-50B16AFADCD3}.Release|Any CPU.Build.0 = Release|Any CPU
		{4C5C3472-9124-4781-A8E4-50B16AFADCD3}.Release|Mixed Platforms.ActiveCfg = Release|Any CPU
		{4C5C3472-9124-4781-A8E4-50B16AFADCD3}.Release|Mixed Platforms.Build.0 = Release|Any CPU
		{7E30DBBF-F9C2-408A-9098-23185570E810}.Client Debug|.NET.ActiveCfg = Debug|Any CPU
		{7E30DBBF-F9C2-408A-9098-23185570E810}.Client Debug|Any CPU.ActiveCfg = Debug|Any CPU
		{7E30DBBF-F9C2-408A-9098-23185570E810}.Client Debug|Any CPU.Build.0 = Debug|Any CPU
		{7E30DBBF-F9C2-408A-9098-23185570E810}.Client Debug|Mixed Platforms.ActiveCfg = Debug|Any CPU
		{7E30DBBF-F9C2-408A-9098-23185570E810}.Client Debug|Mixed Platforms.Build.0 = Debug|Any CPU
		{7E30DBBF-F9C2-408A-9098-23185570E810}.Client Release|.NET.ActiveCfg = Release|Any CPU
		{7E30DBBF-F9C2-408A-9098-23185570E810}.Client Release|Any CPU.ActiveCfg = Release|Any CPU
		{7E30DBBF-F9C2-408A-9098-23185570E810}.Client Release|Any CPU.Build.0 = Release|Any CPU
		{7E30DBBF-F9C2-408A-9098-23185570E810}.Client Release|Mixed Platforms.ActiveCfg = Release|Any CPU
		{7E30DBBF-F9C2-408A-9098-23185570E810}.Client Release|Mixed Platforms.Build.0 = Release|Any CPU
		{7E30DBBF-F9C2-408A-9098-23185570E810}.Debug|.NET.ActiveCfg = Debug|Any CPU
		{7E30DBBF-F9C2-408A-9098-23185570E810}.Debug|Any CPU.ActiveCfg = Debug|Any CPU
		{7E30DBBF-F9C2-408A-9098-23185570E810}.Debug|Any CPU.Build.0 = Debug|Any CPU
		{7E30DBBF-F9C2-408A-9098-23185570E810}.Debug|Mixed Platforms.ActiveCfg = Debug|Any CPU
		{7E30DBBF-F9C2-408A-9098-23185570E810}.Debug|Mixed Platforms.Build.0 = Debug|Any CPU
		{7E30DBBF-F9C2-408A-9098-23185570E810}.Release|.NET.ActiveCfg = Release|Any CPU
		{7E30DBBF-F9C2-408A-9098-23185570E810}.Release|Any CPU.ActiveCfg = Release|Any CPU
		{7E30DBBF-F9C2-408A-9098-23185570E810}.Release|Any CPU.Build.0 = Release|Any CPU
		{7E30DBBF-F9C2-408A-9098-23185570E810}.Release|Mixed Platforms.ActiveCfg = Release|Any CPU
		{7E30DBBF-F9C2-408A-9098-23185570E810}.Release|Mixed Platforms.Build.0 = Release|Any CPU
		{2F1807E4-39A2-4F38-ADFC-6310A8443D90}.Client Debug|.NET.ActiveCfg = Client Debug|Any CPU
		{2F1807E4-39A2-4F38-ADFC-6310A8443D90}.Client Debug|Any CPU.ActiveCfg = Debug|Any CPU
		{2F1807E4-39A2-4F38-ADFC-6310A8443D90}.Client Debug|Any CPU.Build.0 = Debug|Any CPU
		{2F1807E4-39A2-4F38-ADFC-6310A8443D90}.Client Debug|Mixed Platforms.ActiveCfg = Client Debug|Any CPU
		{2F1807E4-39A2-4F38-ADFC-6310A8443D90}.Client Debug|Mixed Platforms.Build.0 = Client Debug|Any CPU
		{2F1807E4-39A2-4F38-ADFC-6310A8443D90}.Client Release|.NET.ActiveCfg = Client Release|Any CPU
		{2F1807E4-39A2-4F38-ADFC-6310A8443D90}.Client Release|Any CPU.ActiveCfg = Client Release|Any CPU
		{2F1807E4-39A2-4F38-ADFC-6310A8443D90}.Client Release|Any CPU.Build.0 = Client Release|Any CPU
		{2F1807E4-39A2-4F38-ADFC-6310A8443D90}.Client Release|Mixed Platforms.ActiveCfg = Client Release|Any CPU
		{2F1807E4-39A2-4F38-ADFC-6310A8443D90}.Client Release|Mixed Platforms.Build.0 = Client Release|Any CPU
		{2F1807E4-39A2-4F38-ADFC-6310A8443D90}.Debug|.NET.ActiveCfg = Debug|Any CPU
		{2F1807E4-39A2-4F38-ADFC-6310A8443D90}.Debug|Any CPU.ActiveCfg = Debug|Any CPU
		{2F1807E4-39A2-4F38-ADFC-6310A8443D90}.Debug|Any CPU.Build.0 = Debug|Any CPU
		{2F1807E4-39A2-4F38-ADFC-6310A8443D90}.Debug|Mixed Platforms.ActiveCfg = Debug|Any CPU
		{2F1807E4-39A2-4F38-ADFC-6310A8443D90}.Debug|Mixed Platforms.Build.0 = Debug|Any CPU
		{2F1807E4-39A2-4F38-ADFC-6310A8443D90}.Release|.NET.ActiveCfg = Release|Any CPU
		{2F1807E4-39A2-4F38-ADFC-6310A8443D90}.Release|Any CPU.ActiveCfg = Release|Any CPU
		{2F1807E4-39A2-4F38-ADFC-6310A8443D90}.Release|Any CPU.Build.0 = Release|Any CPU
		{2F1807E4-39A2-4F38-ADFC-6310A8443D90}.Release|Mixed Platforms.ActiveCfg = Release|Any CPU
		{2F1807E4-39A2-4F38-ADFC-6310A8443D90}.Release|Mixed Platforms.Build.0 = Release|Any CPU
		{4BC2B3AC-7081-4B95-8FA9-E3EE75A60DF0}.Client Debug|.NET.ActiveCfg = Debug|Any CPU
		{4BC2B3AC-7081-4B95-8FA9-E3EE75A60DF0}.Client Debug|Any CPU.ActiveCfg = Debug|Any CPU
		{4BC2B3AC-7081-4B95-8FA9-E3EE75A60DF0}.Client Debug|Any CPU.Build.0 = Debug|Any CPU
		{4BC2B3AC-7081-4B95-8FA9-E3EE75A60DF0}.Client Debug|Mixed Platforms.ActiveCfg = Debug|Any CPU
		{4BC2B3AC-7081-4B95-8FA9-E3EE75A60DF0}.Client Debug|Mixed Platforms.Build.0 = Debug|Any CPU
		{4BC2B3AC-7081-4B95-8FA9-E3EE75A60DF0}.Client Release|.NET.ActiveCfg = Release|Any CPU
		{4BC2B3AC-7081-4B95-8FA9-E3EE75A60DF0}.Client Release|Any CPU.ActiveCfg = Release|Any CPU
		{4BC2B3AC-7081-4B95-8FA9-E3EE75A60DF0}.Client Release|Any CPU.Build.0 = Release|Any CPU
		{4BC2B3AC-7081-4B95-8FA9-E3EE75A60DF0}.Client Release|Mixed Platforms.ActiveCfg = Release|Any CPU
		{4BC2B3AC-7081-4B95-8FA9-E3EE75A60DF0}.Client Release|Mixed Platforms.Build.0 = Release|Any CPU
		{4BC2B3AC-7081-4B95-8FA9-E3EE75A60DF0}.Debug|.NET.ActiveCfg = Debug|Any CPU
		{4BC2B3AC-7081-4B95-8FA9-E3EE75A60DF0}.Debug|Any CPU.ActiveCfg = Debug|Any CPU
		{4BC2B3AC-7081-4B95-8FA9-E3EE75A60DF0}.Debug|Any CPU.Build.0 = Debug|Any CPU
		{4BC2B3AC-7081-4B95-8FA9-E3EE75A60DF0}.Debug|Mixed Platforms.ActiveCfg = Debug|Any CPU
		{4BC2B3AC-7081-4B95-8FA9-E3EE75A60DF0}.Debug|Mixed Platforms.Build.0 = Debug|Any CPU
		{4BC2B3AC-7081-4B95-8FA9-E3EE75A60DF0}.Release|.NET.ActiveCfg = Release|Any CPU
		{4BC2B3AC-7081-4B95-8FA9-E3EE75A60DF0}.Release|Any CPU.ActiveCfg = Release|Any CPU
		{4BC2B3AC-7081-4B95-8FA9-E3EE75A60DF0}.Release|Any CPU.Build.0 = Release|Any CPU
		{4BC2B3AC-7081-4B95-8FA9-E3EE75A60DF0}.Release|Mixed Platforms.ActiveCfg = Release|Any CPU
		{4BC2B3AC-7081-4B95-8FA9-E3EE75A60DF0}.Release|Mixed Platforms.Build.0 = Release|Any CPU
		{DD712413-B47A-4707-A45D-84F786E47BAF}.Client Debug|.NET.ActiveCfg = Debug|Any CPU
		{DD712413-B47A-4707-A45D-84F786E47BAF}.Client Debug|Any CPU.ActiveCfg = Debug|Any CPU
		{DD712413-B47A-4707-A45D-84F786E47BAF}.Client Debug|Any CPU.Build.0 = Debug|Any CPU
		{DD712413-B47A-4707-A45D-84F786E47BAF}.Client Debug|Mixed Platforms.ActiveCfg = Debug|Any CPU
		{DD712413-B47A-4707-A45D-84F786E47BAF}.Client Debug|Mixed Platforms.Build.0 = Debug|Any CPU
		{DD712413-B47A-4707-A45D-84F786E47BAF}.Client Release|.NET.ActiveCfg = Release|Any CPU
		{DD712413-B47A-4707-A45D-84F786E47BAF}.Client Release|Any CPU.ActiveCfg = Release|Any CPU
		{DD712413-B47A-4707-A45D-84F786E47BAF}.Client Release|Any CPU.Build.0 = Release|Any CPU
		{DD712413-B47A-4707-A45D-84F786E47BAF}.Client Release|Mixed Platforms.ActiveCfg = Release|Any CPU
		{DD712413-B47A-4707-A45D-84F786E47BAF}.Client Release|Mixed Platforms.Build.0 = Release|Any CPU
		{DD712413-B47A-4707-A45D-84F786E47BAF}.Debug|.NET.ActiveCfg = Debug|Any CPU
		{DD712413-B47A-4707-A45D-84F786E47BAF}.Debug|Any CPU.ActiveCfg = Debug|Any CPU
		{DD712413-B47A-4707-A45D-84F786E47BAF}.Debug|Any CPU.Build.0 = Debug|Any CPU
		{DD712413-B47A-4707-A45D-84F786E47BAF}.Debug|Mixed Platforms.ActiveCfg = Debug|Any CPU
		{DD712413-B47A-4707-A45D-84F786E47BAF}.Debug|Mixed Platforms.Build.0 = Debug|Any CPU
		{DD712413-B47A-4707-A45D-84F786E47BAF}.Release|.NET.ActiveCfg = Release|Any CPU
		{DD712413-B47A-4707-A45D-84F786E47BAF}.Release|Any CPU.ActiveCfg = Release|Any CPU
		{DD712413-B47A-4707-A45D-84F786E47BAF}.Release|Any CPU.Build.0 = Release|Any CPU
		{DD712413-B47A-4707-A45D-84F786E47BAF}.Release|Mixed Platforms.ActiveCfg = Release|Any CPU
		{DD712413-B47A-4707-A45D-84F786E47BAF}.Release|Mixed Platforms.Build.0 = Release|Any CPU
		{25AB3B90-41A8-4BD4-88B6-4607D1633D4C}.Client Debug|.NET.ActiveCfg = Debug|Any CPU
		{25AB3B90-41A8-4BD4-88B6-4607D1633D4C}.Client Debug|Any CPU.ActiveCfg = Debug|Any CPU
		{25AB3B90-41A8-4BD4-88B6-4607D1633D4C}.Client Debug|Any CPU.Build.0 = Debug|Any CPU
		{25AB3B90-41A8-4BD4-88B6-4607D1633D4C}.Client Debug|Mixed Platforms.ActiveCfg = Debug|Any CPU
		{25AB3B90-41A8-4BD4-88B6-4607D1633D4C}.Client Debug|Mixed Platforms.Build.0 = Debug|Any CPU
		{25AB3B90-41A8-4BD4-88B6-4607D1633D4C}.Client Release|.NET.ActiveCfg = Release|Any CPU
		{25AB3B90-41A8-4BD4-88B6-4607D1633D4C}.Client Release|Any CPU.ActiveCfg = Release|Any CPU
		{25AB3B90-41A8-4BD4-88B6-4607D1633D4C}.Client Release|Any CPU.Build.0 = Release|Any CPU
		{25AB3B90-41A8-4BD4-88B6-4607D1633D4C}.Client Release|Mixed Platforms.ActiveCfg = Release|Any CPU
		{25AB3B90-41A8-4BD4-88B6-4607D1633D4C}.Client Release|Mixed Platforms.Build.0 = Release|Any CPU
		{25AB3B90-41A8-4BD4-88B6-4607D1633D4C}.Debug|.NET.ActiveCfg = Debug|Any CPU
		{25AB3B90-41A8-4BD4-88B6-4607D1633D4C}.Debug|Any CPU.ActiveCfg = Debug|Any CPU
		{25AB3B90-41A8-4BD4-88B6-4607D1633D4C}.Debug|Any CPU.Build.0 = Debug|Any CPU
		{25AB3B90-41A8-4BD4-88B6-4607D1633D4C}.Debug|Mixed Platforms.ActiveCfg = Debug|Any CPU
		{25AB3B90-41A8-4BD4-88B6-4607D1633D4C}.Debug|Mixed Platforms.Build.0 = Debug|Any CPU
		{25AB3B90-41A8-4BD4-88B6-4607D1633D4C}.Release|.NET.ActiveCfg = Release|Any CPU
		{25AB3B90-41A8-4BD4-88B6-4607D1633D4C}.Release|Any CPU.ActiveCfg = Release|Any CPU
		{25AB3B90-41A8-4BD4-88B6-4607D1633D4C}.Release|Any CPU.Build.0 = Release|Any CPU
		{25AB3B90-41A8-4BD4-88B6-4607D1633D4C}.Release|Mixed Platforms.ActiveCfg = Release|Any CPU
		{25AB3B90-41A8-4BD4-88B6-4607D1633D4C}.Release|Mixed Platforms.Build.0 = Release|Any CPU
		{C3D071F1-8A55-4B7B-9D93-9D9AD419A9C8}.Client Debug|.NET.ActiveCfg = Debug|Any CPU
		{C3D071F1-8A55-4B7B-9D93-9D9AD419A9C8}.Client Debug|.NET.Build.0 = Debug|Any CPU
		{C3D071F1-8A55-4B7B-9D93-9D9AD419A9C8}.Client Debug|Any CPU.ActiveCfg = Debug|Any CPU
		{C3D071F1-8A55-4B7B-9D93-9D9AD419A9C8}.Client Debug|Any CPU.Build.0 = Debug|Any CPU
		{C3D071F1-8A55-4B7B-9D93-9D9AD419A9C8}.Client Debug|Mixed Platforms.ActiveCfg = Debug|Any CPU
		{C3D071F1-8A55-4B7B-9D93-9D9AD419A9C8}.Client Debug|Mixed Platforms.Build.0 = Debug|Any CPU
		{C3D071F1-8A55-4B7B-9D93-9D9AD419A9C8}.Client Release|.NET.ActiveCfg = Release|Any CPU
		{C3D071F1-8A55-4B7B-9D93-9D9AD419A9C8}.Client Release|.NET.Build.0 = Release|Any CPU
		{C3D071F1-8A55-4B7B-9D93-9D9AD419A9C8}.Client Release|Any CPU.ActiveCfg = Release|Any CPU
		{C3D071F1-8A55-4B7B-9D93-9D9AD419A9C8}.Client Release|Any CPU.Build.0 = Release|Any CPU
		{C3D071F1-8A55-4B7B-9D93-9D9AD419A9C8}.Client Release|Mixed Platforms.ActiveCfg = Release|Any CPU
		{C3D071F1-8A55-4B7B-9D93-9D9AD419A9C8}.Client Release|Mixed Platforms.Build.0 = Release|Any CPU
		{C3D071F1-8A55-4B7B-9D93-9D9AD419A9C8}.Debug|.NET.ActiveCfg = Debug|Any CPU
		{C3D071F1-8A55-4B7B-9D93-9D9AD419A9C8}.Debug|.NET.Build.0 = Debug|Any CPU
		{C3D071F1-8A55-4B7B-9D93-9D9AD419A9C8}.Debug|Any CPU.ActiveCfg = Debug|Any CPU
		{C3D071F1-8A55-4B7B-9D93-9D9AD419A9C8}.Debug|Any CPU.Build.0 = Debug|Any CPU
		{C3D071F1-8A55-4B7B-9D93-9D9AD419A9C8}.Debug|Mixed Platforms.ActiveCfg = Debug|Any CPU
		{C3D071F1-8A55-4B7B-9D93-9D9AD419A9C8}.Debug|Mixed Platforms.Build.0 = Debug|Any CPU
		{C3D071F1-8A55-4B7B-9D93-9D9AD419A9C8}.Release|.NET.ActiveCfg = Release|Any CPU
		{C3D071F1-8A55-4B7B-9D93-9D9AD419A9C8}.Release|.NET.Build.0 = Release|Any CPU
		{C3D071F1-8A55-4B7B-9D93-9D9AD419A9C8}.Release|Any CPU.ActiveCfg = Release|Any CPU
		{C3D071F1-8A55-4B7B-9D93-9D9AD419A9C8}.Release|Any CPU.Build.0 = Release|Any CPU
		{C3D071F1-8A55-4B7B-9D93-9D9AD419A9C8}.Release|Mixed Platforms.ActiveCfg = Release|Any CPU
		{C3D071F1-8A55-4B7B-9D93-9D9AD419A9C8}.Release|Mixed Platforms.Build.0 = Release|Any CPU
		{A2DE3FD9-FFD3-4343-B0E6-78AEBB1BBB64}.Client Debug|.NET.ActiveCfg = Debug|Any CPU
		{A2DE3FD9-FFD3-4343-B0E6-78AEBB1BBB64}.Client Debug|.NET.Build.0 = Debug|Any CPU
		{A2DE3FD9-FFD3-4343-B0E6-78AEBB1BBB64}.Client Debug|Any CPU.ActiveCfg = Debug|Any CPU
		{A2DE3FD9-FFD3-4343-B0E6-78AEBB1BBB64}.Client Debug|Any CPU.Build.0 = Debug|Any CPU
		{A2DE3FD9-FFD3-4343-B0E6-78AEBB1BBB64}.Client Debug|Mixed Platforms.ActiveCfg = Debug|Any CPU
		{A2DE3FD9-FFD3-4343-B0E6-78AEBB1BBB64}.Client Debug|Mixed Platforms.Build.0 = Debug|Any CPU
		{A2DE3FD9-FFD3-4343-B0E6-78AEBB1BBB64}.Client Release|.NET.ActiveCfg = Release|Any CPU
		{A2DE3FD9-FFD3-4343-B0E6-78AEBB1BBB64}.Client Release|.NET.Build.0 = Release|Any CPU
		{A2DE3FD9-FFD3-4343-B0E6-78AEBB1BBB64}.Client Release|Any CPU.ActiveCfg = Release|Any CPU
		{A2DE3FD9-FFD3-4343-B0E6-78AEBB1BBB64}.Client Release|Any CPU.Build.0 = Release|Any CPU
		{A2DE3FD9-FFD3-4343-B0E6-78AEBB1BBB64}.Client Release|Mixed Platforms.ActiveCfg = Release|Any CPU
		{A2DE3FD9-FFD3-4343-B0E6-78AEBB1BBB64}.Client Release|Mixed Platforms.Build.0 = Release|Any CPU
		{A2DE3FD9-FFD3-4343-B0E6-78AEBB1BBB64}.Debug|.NET.ActiveCfg = Debug|Any CPU
		{A2DE3FD9-FFD3-4343-B0E6-78AEBB1BBB64}.Debug|.NET.Build.0 = Debug|Any CPU
		{A2DE3FD9-FFD3-4343-B0E6-78AEBB1BBB64}.Debug|Any CPU.ActiveCfg = Debug|Any CPU
		{A2DE3FD9-FFD3-4343-B0E6-78AEBB1BBB64}.Debug|Any CPU.Build.0 = Debug|Any CPU
		{A2DE3FD9-FFD3-4343-B0E6-78AEBB1BBB64}.Debug|Mixed Platforms.ActiveCfg = Debug|Any CPU
		{A2DE3FD9-FFD3-4343-B0E6-78AEBB1BBB64}.Debug|Mixed Platforms.Build.0 = Debug|Any CPU
		{A2DE3FD9-FFD3-4343-B0E6-78AEBB1BBB64}.Release|.NET.ActiveCfg = Release|Any CPU
		{A2DE3FD9-FFD3-4343-B0E6-78AEBB1BBB64}.Release|.NET.Build.0 = Release|Any CPU
		{A2DE3FD9-FFD3-4343-B0E6-78AEBB1BBB64}.Release|Any CPU.ActiveCfg = Release|Any CPU
		{A2DE3FD9-FFD3-4343-B0E6-78AEBB1BBB64}.Release|Any CPU.Build.0 = Release|Any CPU
		{A2DE3FD9-FFD3-4343-B0E6-78AEBB1BBB64}.Release|Mixed Platforms.ActiveCfg = Release|Any CPU
		{A2DE3FD9-FFD3-4343-B0E6-78AEBB1BBB64}.Release|Mixed Platforms.Build.0 = Release|Any CPU
	EndGlobalSection
	GlobalSection(SolutionProperties) = preSolution
		HideSolutionNode = FALSE
	EndGlobalSection
	GlobalSection(NestedProjects) = preSolution
		{4C5C3472-9124-4781-A8E4-50B16AFADCD3} = {94E5F457-3256-49EF-A74F-E434AE314E7A}
		{7E30DBBF-F9C2-408A-9098-23185570E810} = {94E5F457-3256-49EF-A74F-E434AE314E7A}
		{C3D071F1-8A55-4B7B-9D93-9D9AD419A9C8} = {94E5F457-3256-49EF-A74F-E434AE314E7A}
	EndGlobalSection
	GlobalSection(ExtensibilityGlobals) = postSolution
		SolutionGuid = {6ED61012-EDE6-4FE5-85F8-11543FADC7DD}
	EndGlobalSection
EndGlobal
